
Microsoft Visual Studio Solution File, Format Version 12.00
# Visual Studio Version 16
VisualStudioVersion = 16.0.30413.136
MinimumVisualStudioVersion = 10.0.40219.1
Project("{FAE04EC0-301F-11D3-BF4B-00C04F79EFBC}") = "GoPark2020", "GoPark2020\GoPark2020.csproj", "{C5393E77-1C17-47E6-8484-AB3C571D48CF}"
EndProject
Project("{FAE04EC0-301F-11D3-BF4B-00C04F79EFBC}") = "GoParkDB2020", "GoParkDB2020\GoParkDB2020.csproj", "{0AFB7C63-6E8B-4558-911C-CCDBA662D229}"
EndProject
Global
	GlobalSection(SolutionConfigurationPlatforms) = preSolution
		Debug|Any CPU = Debug|Any CPU
		Release|Any CPU = Release|Any CPU
	EndGlobalSection
	GlobalSection(ProjectConfigurationPlatforms) = postSolution
		{C5393E77-1C17-47E6-8484-AB3C571D48CF}.Debug|Any CPU.ActiveCfg = Debug|Any CPU
		{C5393E77-1C17-47E6-8484-AB3C571D48CF}.Debug|Any CPU.Build.0 = Debug|Any CPU
		{C5393E77-1C17-47E6-8484-AB3C571D48CF}.Release|Any CPU.ActiveCfg = Release|Any CPU
		{C5393E77-1C17-47E6-8484-AB3C571D48CF}.Release|Any CPU.Build.0 = Release|Any CPU
		{0AFB7C63-6E8B-4558-911C-CCDBA662D229}.Debug|Any CPU.ActiveCfg = Debug|Any CPU
		{0AFB7C63-6E8B-4558-911C-CCDBA662D229}.Debug|Any CPU.Build.0 = Debug|Any CPU
		{0AFB7C63-6E8B-4558-911C-CCDBA662D229}.Release|Any CPU.ActiveCfg = Release|Any CPU
		{0AFB7C63-6E8B-4558-911C-CCDBA662D229}.Release|Any CPU.Build.0 = Release|Any CPU
	EndGlobalSection
	GlobalSection(SolutionProperties) = preSolution
		HideSolutionNode = FALSE
	EndGlobalSection
	GlobalSection(ExtensibilityGlobals) = postSolution
		SolutionGuid = {E1F9D0CB-6071-4DBC-B1FD-4903E9933C3D}
	EndGlobalSection
EndGlobal
